PODS:
  - BIJKPlayer (0.7.16)
  - fijkplayer_max (0.11.0):
    - BIJKPlayer (~> 0.7.16)
    - Flutter
  - Flutter (1.0.0)
  - shared_preferences (0.0.1):
    - Flutter

DEPENDENCIES:
  - fijkplayer_max (from `.symlinks/plugins/fijkplayer_max/ios`)
  - Flutter (from `Flutter`)
  - shared_preferences (from `.symlinks/plugins/shared_preferences/ios`)

SPEC REPOS:
  trunk:
    - BIJKPlayer

EXTERNAL SOURCES:
  fijkplayer_max:
    :path: ".symlinks/plugins/fijkplayer_max/ios"
  Flutter:
    :path: Flutter
  shared_preferences:
    :path: ".symlinks/plugins/shared_preferences/ios"

SPEC CHECKSUMS:
  BIJKPlayer: 4c5d66e5cb99ae5bade6f22a4fcc031722a81c64
  fijkplayer_max: 9bb82e557ee22352bdbccce6a47bdcacef9ccc74
  Flutter: cabc95a1d2626b1b06e7179b784ebcf0c0cde467
  shared_preferences: af6bfa751691cdc24be3045c43ec037377ada40d

PODFILE CHECKSUM: 53026eaf67b63baa2e316e457f9701dbdf33f41a

COCOAPODS: 1.16.2
